
Microsoft Visual Studio Solution File, Format Version 12.00
# Visual Studio Version 17
VisualStudioVersion = 17.0.32112.339
MinimumVisualStudioVersion = 10.0.40219.1
Project("{FAE04EC0-301F-11D3-BF4B-00C04F79EFBC}") = "ProyectoCompleto", "ProyectoCompleto\ProyectoCompleto.csproj", "{9B716D60-1E88-4C5D-94D2-D0CC28F34B4D}"
EndProject
Global
	GlobalSection(SolutionConfigurationPlatforms) = preSolution
		Debug|Any CPU = Debug|Any CPU
		Release|Any CPU = Release|Any CPU
	EndGlobalSection
	GlobalSection(ProjectConfigurationPlatforms) = postSolution
		{9B716D60-1E88-4C5D-94D2-D0CC28F34B4D}.Debug|Any CPU.ActiveCfg = Debug|Any CPU
		{9B716D60-1E88-4C5D-94D2-D0CC28F34B4D}.Debug|Any CPU.Build.0 = Debug|Any CPU
		{9B716D60-1E88-4C5D-94D2-D0CC28F34B4D}.Release|Any CPU.ActiveCfg = Release|Any CPU
		{9B716D60-1E88-4C5D-94D2-D0CC28F34B4D}.Release|Any CPU.Build.0 = Release|Any CPU
	EndGlobalSection
	GlobalSection(SolutionProperties) = preSolution
		HideSolutionNode = FALSE
	EndGlobalSection
	GlobalSection(ExtensibilityGlobals) = postSolution
		SolutionGuid = {BD0CF17D-7B8B-4AC9-9646-4964A924372D}
	EndGlobalSection
EndGlobal
